
Microsoft Visual Studio Solution File, Format Version 12.00
# Visual Studio Version 16
VisualStudioVersion = 16.0.31205.134
MinimumVisualStudioVersion = 10.0.40219.1
Project("{2150E333-8FDC-42A3-9474-1A3956D46DE8}") = "Monad", "Monad", "{8E98A6E0-2B0B-4998-AEA9-19B469540065}"
EndProject
Project("{6EC3EE1D-3C4E-46DD-8F32-0CC8E7565705}") = "Grokking", "Grokking\Grokking.fsproj", "{56D23223-987F-4213-A2AF-382C71007B8E}"
EndProject
Project("{6EC3EE1D-3C4E-46DD-8F32-0CC8E7565705}") = "ForFunAndProfit", "ForFunAndProfit\ForFunAndProfit.fsproj", "{FEDBA16A-1DE0-4CAB-8A20-8DB971A229A7}"
EndProject
Project("{2150E333-8FDC-42A3-9474-1A3956D46DE8}") = "Misc", "Misc", "{A62D5EF4-FBA1-4D7E-919B-EA98B3C08562}"
EndProject
Project("{6EC3EE1D-3C4E-46DD-8F32-0CC8E7565705}") = "RealMisc", "RealMisc\RealMisc.fsproj", "{9C3B4B07-231B-46B3-B94D-074F0F466C68}"
EndProject
Project("{6EC3EE1D-3C4E-46DD-8F32-0CC8E7565705}") = "BasicInto", "BasicInto\BasicInto.fsproj", "{9722C1DA-8CBF-45A3-983F-987F3DD7D0C1}"
EndProject
Project("{F2A71F9B-5D33-465A-A702-920D77279786}") = "Suave_Demo", "Suave_Demo\Suave_Demo.fsproj", "{CF3E0309-3B3E-4860-8B66-4465EB15BED5}"
EndProject
Global
	GlobalSection(SolutionConfigurationPlatforms) = preSolution
		Debug|Any CPU = Debug|Any CPU
		Release|Any CPU = Release|Any CPU
	EndGlobalSection
	GlobalSection(ProjectConfigurationPlatforms) = postSolution
		{56D23223-987F-4213-A2AF-382C71007B8E}.Debug|Any CPU.ActiveCfg = Debug|Any CPU
		{56D23223-987F-4213-A2AF-382C71007B8E}.Debug|Any CPU.Build.0 = Debug|Any CPU
		{56D23223-987F-4213-A2AF-382C71007B8E}.Release|Any CPU.ActiveCfg = Release|Any CPU
		{56D23223-987F-4213-A2AF-382C71007B8E}.Release|Any CPU.Build.0 = Release|Any CPU
		{FEDBA16A-1DE0-4CAB-8A20-8DB971A229A7}.Debug|Any CPU.ActiveCfg = Debug|Any CPU
		{FEDBA16A-1DE0-4CAB-8A20-8DB971A229A7}.Debug|Any CPU.Build.0 = Debug|Any CPU
		{FEDBA16A-1DE0-4CAB-8A20-8DB971A229A7}.Release|Any CPU.ActiveCfg = Release|Any CPU
		{FEDBA16A-1DE0-4CAB-8A20-8DB971A229A7}.Release|Any CPU.Build.0 = Release|Any CPU
		{9C3B4B07-231B-46B3-B94D-074F0F466C68}.Debug|Any CPU.ActiveCfg = Debug|Any CPU
		{9C3B4B07-231B-46B3-B94D-074F0F466C68}.Debug|Any CPU.Build.0 = Debug|Any CPU
		{9C3B4B07-231B-46B3-B94D-074F0F466C68}.Release|Any CPU.ActiveCfg = Release|Any CPU
		{9C3B4B07-231B-46B3-B94D-074F0F466C68}.Release|Any CPU.Build.0 = Release|Any CPU
		{9722C1DA-8CBF-45A3-983F-987F3DD7D0C1}.Debug|Any CPU.ActiveCfg = Debug|Any CPU
		{9722C1DA-8CBF-45A3-983F-987F3DD7D0C1}.Debug|Any CPU.Build.0 = Debug|Any CPU
		{9722C1DA-8CBF-45A3-983F-987F3DD7D0C1}.Release|Any CPU.ActiveCfg = Release|Any CPU
		{9722C1DA-8CBF-45A3-983F-987F3DD7D0C1}.Release|Any CPU.Build.0 = Release|Any CPU
		{CF3E0309-3B3E-4860-8B66-4465EB15BED5}.Debug|Any CPU.ActiveCfg = Debug|Any CPU
		{CF3E0309-3B3E-4860-8B66-4465EB15BED5}.Debug|Any CPU.Build.0 = Debug|Any CPU
		{CF3E0309-3B3E-4860-8B66-4465EB15BED5}.Release|Any CPU.ActiveCfg = Release|Any CPU
		{CF3E0309-3B3E-4860-8B66-4465EB15BED5}.Release|Any CPU.Build.0 = Release|Any CPU
	EndGlobalSection
	GlobalSection(SolutionProperties) = preSolution
		HideSolutionNode = FALSE
	EndGlobalSection
	GlobalSection(NestedProjects) = preSolution
		{56D23223-987F-4213-A2AF-382C71007B8E} = {8E98A6E0-2B0B-4998-AEA9-19B469540065}
		{FEDBA16A-1DE0-4CAB-8A20-8DB971A229A7} = {8E98A6E0-2B0B-4998-AEA9-19B469540065}
		{9C3B4B07-231B-46B3-B94D-074F0F466C68} = {A62D5EF4-FBA1-4D7E-919B-EA98B3C08562}
	EndGlobalSection
	GlobalSection(ExtensibilityGlobals) = postSolution
		SolutionGuid = {C9870118-2A1D-4503-9A1A-7FC622C6DFC5}
	EndGlobalSection
EndGlobal
