
Microsoft Visual Studio Solution File, Format Version 12.00
# Visual Studio Version 16
VisualStudioVersion = 16.0.31205.134
MinimumVisualStudioVersion = 10.0.40219.1
Project("{2150E333-8FDC-42A3-9474-1A3956D46DE8}") = "Monad", "Monad", "{8E98A6E0-2B0B-4998-AEA9-19B469540065}"
EndProject
Project("{6EC3EE1D-3C4E-46DD-8F32-0CC8E7565705}") = "Grokking", "Grokking\Grokking.fsproj", "{56D23223-987F-4213-A2AF-382C71007B8E}"
EndProject
Project("{6EC3EE1D-3C4E-46DD-8F32-0CC8E7565705}") = "ForFunAndProfit", "ForFunAndProfit\ForFunAndProfit.fsproj", "{FEDBA16A-1DE0-4CAB-8A20-8DB971A229A7}"
EndProject
Project("{2150E333-8FDC-42A3-9474-1A3956D46DE8}") = "Misc", "Misc", "{A62D5EF4-FBA1-4D7E-919B-EA98B3C08562}"
EndProject
Project("{6EC3EE1D-3C4E-46DD-8F32-0CC8E7565705}") = "RealMisc", "RealMisc\RealMisc.fsproj", "{9C3B4B07-231B-46B3-B94D-074F0F466C68}"
EndProject
Project("{6EC3EE1D-3C4E-46DD-8F32-0CC8E7565705}") = "BasicInto", "BasicInto\BasicInto.fsproj", "{9722C1DA-8CBF-45A3-983F-987F3DD7D0C1}"
EndProject
Project("{F2A71F9B-5D33-465A-A702-920D77279786}") = "Suave_Demo", "Suave_Demo\Suave_Demo.fsproj", "{CF3E0309-3B3E-4860-8B66-4465EB15BED5}"
EndProject
Project("{F2A71F9B-5D33-465A-A702-920D77279786}") = "FSToDoList", "FSToDoList\FSToDoList.fsproj", "{1E6A9AF4-17CC-4B2A-869A-59A1A1195B88}"
EndProject
Project("{F2A71F9B-5D33-465A-A702-920D77279786}") = "FSToDoList_Suave", "FSToDoList_Suave\FSToDoList_Suave.fsproj", "{2FA1F5C0-CE03-4F2F-84C8-5E2E6886AD50}"
EndProject
Project("{F2A71F9B-5D33-465A-A702-920D77279786}") = "Saturn_Demo", "Saturn_Demo\Saturn_Demo.fsproj", "{3ABA6E9A-0200-4792-98DE-348DC18C2AF5}"
EndProject
Project("{F2A71F9B-5D33-465A-A702-920D77279786}") = "Giraffe_Demo", "Giraffe_Demo\Giraffe_Demo.fsproj", "{95CF0F99-4A6E-4CBB-9C05-9C43C12C8AF2}"
EndProject
Project("{F2A71F9B-5D33-465A-A702-920D77279786}") = "HowToDI", "HowToDI\HowToDI.fsproj", "{422D49C8-B60A-442F-954E-F2075ECC01D8}"
EndProject
Project("{2150E333-8FDC-42A3-9474-1A3956D46DE8}") = "Some-Dsl", "Some-Dsl", "{448DC3AE-7AA8-424E-BBC5-091F123FF4F8}"
EndProject
Project("{F2A71F9B-5D33-465A-A702-920D77279786}") = "Planetary-Dsl", "Planetary-Dsl\Planetary-Dsl.fsproj", "{1458316C-64C0-48E8-B4EE-8145A69E0744}"
EndProject
Project("{F2A71F9B-5D33-465A-A702-920D77279786}") = "StylishFSharp", "StylishFSharp\StylishFSharp.fsproj", "{B8D139CA-233A-47D9-9439-6AF9B5269998}"
EndProject
Project("{F2A71F9B-5D33-465A-A702-920D77279786}") = "DomainModeling", "DomainModeling\DomainModeling.fsproj", "{357AD1FB-285F-49ED-9CCA-F7C84040E34C}"
EndProject
Global
	GlobalSection(SolutionConfigurationPlatforms) = preSolution
		Debug|Any CPU = Debug|Any CPU
		Release|Any CPU = Release|Any CPU
	EndGlobalSection
	GlobalSection(ProjectConfigurationPlatforms) = postSolution
		{56D23223-987F-4213-A2AF-382C71007B8E}.Debug|Any CPU.ActiveCfg = Debug|Any CPU
		{56D23223-987F-4213-A2AF-382C71007B8E}.Debug|Any CPU.Build.0 = Debug|Any CPU
		{56D23223-987F-4213-A2AF-382C71007B8E}.Release|Any CPU.ActiveCfg = Release|Any CPU
		{56D23223-987F-4213-A2AF-382C71007B8E}.Release|Any CPU.Build.0 = Release|Any CPU
		{FEDBA16A-1DE0-4CAB-8A20-8DB971A229A7}.Debug|Any CPU.ActiveCfg = Debug|Any CPU
		{FEDBA16A-1DE0-4CAB-8A20-8DB971A229A7}.Debug|Any CPU.Build.0 = Debug|Any CPU
		{FEDBA16A-1DE0-4CAB-8A20-8DB971A229A7}.Release|Any CPU.ActiveCfg = Release|Any CPU
		{FEDBA16A-1DE0-4CAB-8A20-8DB971A229A7}.Release|Any CPU.Build.0 = Release|Any CPU
		{9C3B4B07-231B-46B3-B94D-074F0F466C68}.Debug|Any CPU.ActiveCfg = Debug|Any CPU
		{9C3B4B07-231B-46B3-B94D-074F0F466C68}.Debug|Any CPU.Build.0 = Debug|Any CPU
		{9C3B4B07-231B-46B3-B94D-074F0F466C68}.Release|Any CPU.ActiveCfg = Release|Any CPU
		{9C3B4B07-231B-46B3-B94D-074F0F466C68}.Release|Any CPU.Build.0 = Release|Any CPU
		{9722C1DA-8CBF-45A3-983F-987F3DD7D0C1}.Debug|Any CPU.ActiveCfg = Debug|Any CPU
		{9722C1DA-8CBF-45A3-983F-987F3DD7D0C1}.Debug|Any CPU.Build.0 = Debug|Any CPU
		{9722C1DA-8CBF-45A3-983F-987F3DD7D0C1}.Release|Any CPU.ActiveCfg = Release|Any CPU
		{9722C1DA-8CBF-45A3-983F-987F3DD7D0C1}.Release|Any CPU.Build.0 = Release|Any CPU
		{CF3E0309-3B3E-4860-8B66-4465EB15BED5}.Debug|Any CPU.ActiveCfg = Debug|Any CPU
		{CF3E0309-3B3E-4860-8B66-4465EB15BED5}.Debug|Any CPU.Build.0 = Debug|Any CPU
		{CF3E0309-3B3E-4860-8B66-4465EB15BED5}.Release|Any CPU.ActiveCfg = Release|Any CPU
		{CF3E0309-3B3E-4860-8B66-4465EB15BED5}.Release|Any CPU.Build.0 = Release|Any CPU
		{1E6A9AF4-17CC-4B2A-869A-59A1A1195B88}.Debug|Any CPU.ActiveCfg = Debug|Any CPU
		{1E6A9AF4-17CC-4B2A-869A-59A1A1195B88}.Debug|Any CPU.Build.0 = Debug|Any CPU
		{1E6A9AF4-17CC-4B2A-869A-59A1A1195B88}.Release|Any CPU.ActiveCfg = Release|Any CPU
		{1E6A9AF4-17CC-4B2A-869A-59A1A1195B88}.Release|Any CPU.Build.0 = Release|Any CPU
		{2FA1F5C0-CE03-4F2F-84C8-5E2E6886AD50}.Debug|Any CPU.ActiveCfg = Debug|Any CPU
		{2FA1F5C0-CE03-4F2F-84C8-5E2E6886AD50}.Debug|Any CPU.Build.0 = Debug|Any CPU
		{2FA1F5C0-CE03-4F2F-84C8-5E2E6886AD50}.Release|Any CPU.ActiveCfg = Release|Any CPU
		{2FA1F5C0-CE03-4F2F-84C8-5E2E6886AD50}.Release|Any CPU.Build.0 = Release|Any CPU
		{3ABA6E9A-0200-4792-98DE-348DC18C2AF5}.Debug|Any CPU.ActiveCfg = Debug|Any CPU
		{3ABA6E9A-0200-4792-98DE-348DC18C2AF5}.Debug|Any CPU.Build.0 = Debug|Any CPU
		{3ABA6E9A-0200-4792-98DE-348DC18C2AF5}.Release|Any CPU.ActiveCfg = Release|Any CPU
		{3ABA6E9A-0200-4792-98DE-348DC18C2AF5}.Release|Any CPU.Build.0 = Release|Any CPU
		{95CF0F99-4A6E-4CBB-9C05-9C43C12C8AF2}.Debug|Any CPU.ActiveCfg = Debug|Any CPU
		{95CF0F99-4A6E-4CBB-9C05-9C43C12C8AF2}.Debug|Any CPU.Build.0 = Debug|Any CPU
		{95CF0F99-4A6E-4CBB-9C05-9C43C12C8AF2}.Release|Any CPU.ActiveCfg = Release|Any CPU
		{95CF0F99-4A6E-4CBB-9C05-9C43C12C8AF2}.Release|Any CPU.Build.0 = Release|Any CPU
		{422D49C8-B60A-442F-954E-F2075ECC01D8}.Debug|Any CPU.ActiveCfg = Debug|Any CPU
		{422D49C8-B60A-442F-954E-F2075ECC01D8}.Debug|Any CPU.Build.0 = Debug|Any CPU
		{422D49C8-B60A-442F-954E-F2075ECC01D8}.Release|Any CPU.ActiveCfg = Release|Any CPU
		{422D49C8-B60A-442F-954E-F2075ECC01D8}.Release|Any CPU.Build.0 = Release|Any CPU
		{1458316C-64C0-48E8-B4EE-8145A69E0744}.Debug|Any CPU.ActiveCfg = Debug|Any CPU
		{1458316C-64C0-48E8-B4EE-8145A69E0744}.Debug|Any CPU.Build.0 = Debug|Any CPU
		{1458316C-64C0-48E8-B4EE-8145A69E0744}.Release|Any CPU.ActiveCfg = Release|Any CPU
		{1458316C-64C0-48E8-B4EE-8145A69E0744}.Release|Any CPU.Build.0 = Release|Any CPU
		{B8D139CA-233A-47D9-9439-6AF9B5269998}.Debug|Any CPU.ActiveCfg = Debug|Any CPU
		{B8D139CA-233A-47D9-9439-6AF9B5269998}.Debug|Any CPU.Build.0 = Debug|Any CPU
		{B8D139CA-233A-47D9-9439-6AF9B5269998}.Release|Any CPU.ActiveCfg = Release|Any CPU
		{B8D139CA-233A-47D9-9439-6AF9B5269998}.Release|Any CPU.Build.0 = Release|Any CPU
		{357AD1FB-285F-49ED-9CCA-F7C84040E34C}.Debug|Any CPU.ActiveCfg = Debug|Any CPU
		{357AD1FB-285F-49ED-9CCA-F7C84040E34C}.Debug|Any CPU.Build.0 = Debug|Any CPU
		{357AD1FB-285F-49ED-9CCA-F7C84040E34C}.Release|Any CPU.ActiveCfg = Release|Any CPU
		{357AD1FB-285F-49ED-9CCA-F7C84040E34C}.Release|Any CPU.Build.0 = Release|Any CPU
	EndGlobalSection
	GlobalSection(SolutionProperties) = preSolution
		HideSolutionNode = FALSE
	EndGlobalSection
	GlobalSection(NestedProjects) = preSolution
		{56D23223-987F-4213-A2AF-382C71007B8E} = {8E98A6E0-2B0B-4998-AEA9-19B469540065}
		{FEDBA16A-1DE0-4CAB-8A20-8DB971A229A7} = {8E98A6E0-2B0B-4998-AEA9-19B469540065}
		{9C3B4B07-231B-46B3-B94D-074F0F466C68} = {A62D5EF4-FBA1-4D7E-919B-EA98B3C08562}
		{1458316C-64C0-48E8-B4EE-8145A69E0744} = {448DC3AE-7AA8-424E-BBC5-091F123FF4F8}
	EndGlobalSection
	GlobalSection(ExtensibilityGlobals) = postSolution
		SolutionGuid = {C9870118-2A1D-4503-9A1A-7FC622C6DFC5}
	EndGlobalSection
EndGlobal
