
Microsoft Visual Studio Solution File, Format Version 12.00
# Visual Studio Version 16
VisualStudioVersion = 16.0.31410.357
MinimumVisualStudioVersion = 10.0.40219.1
Project("{FAE04EC0-301F-11D3-BF4B-00C04F79EFBC}") = "Learn.Algo.Shared", "Learn.Algo.Shared\Learn.Algo.Shared.csproj", "{CA850F06-B253-4D95-B215-AD2BBD5B10E7}"
EndProject
Project("{FAE04EC0-301F-11D3-BF4B-00C04F79EFBC}") = "Learn.Algo.Problem", "Learn.Algo.Problem\Learn.Algo.Problem.csproj", "{C05D07C9-E65E-4AEA-A44B-7D0564F9AEBF}"
EndProject
Project("{FAE04EC0-301F-11D3-BF4B-00C04F79EFBC}") = "Learn.Algo.Test", "Learn.Algo.Test\Learn.Algo.Test.csproj", "{537E884F-D095-48F9-991B-01F17E686302}"
EndProject
Global
	GlobalSection(SolutionConfigurationPlatforms) = preSolution
		Debug|Any CPU = Debug|Any CPU
		Release|Any CPU = Release|Any CPU
	EndGlobalSection
	GlobalSection(ProjectConfigurationPlatforms) = postSolution
		{CA850F06-B253-4D95-B215-AD2BBD5B10E7}.Debug|Any CPU.ActiveCfg = Debug|Any CPU
		{CA850F06-B253-4D95-B215-AD2BBD5B10E7}.Debug|Any CPU.Build.0 = Debug|Any CPU
		{CA850F06-B253-4D95-B215-AD2BBD5B10E7}.Release|Any CPU.ActiveCfg = Release|Any CPU
		{CA850F06-B253-4D95-B215-AD2BBD5B10E7}.Release|Any CPU.Build.0 = Release|Any CPU
		{C05D07C9-E65E-4AEA-A44B-7D0564F9AEBF}.Debug|Any CPU.ActiveCfg = Debug|Any CPU
		{C05D07C9-E65E-4AEA-A44B-7D0564F9AEBF}.Debug|Any CPU.Build.0 = Debug|Any CPU
		{C05D07C9-E65E-4AEA-A44B-7D0564F9AEBF}.Release|Any CPU.ActiveCfg = Release|Any CPU
		{C05D07C9-E65E-4AEA-A44B-7D0564F9AEBF}.Release|Any CPU.Build.0 = Release|Any CPU
		{537E884F-D095-48F9-991B-01F17E686302}.Debug|Any CPU.ActiveCfg = Debug|Any CPU
		{537E884F-D095-48F9-991B-01F17E686302}.Debug|Any CPU.Build.0 = Debug|Any CPU
		{537E884F-D095-48F9-991B-01F17E686302}.Release|Any CPU.ActiveCfg = Release|Any CPU
		{537E884F-D095-48F9-991B-01F17E686302}.Release|Any CPU.Build.0 = Release|Any CPU
	EndGlobalSection
	GlobalSection(SolutionProperties) = preSolution
		HideSolutionNode = FALSE
	EndGlobalSection
	GlobalSection(ExtensibilityGlobals) = postSolution
		SolutionGuid = {D07CA055-2470-481A-96B3-79483ABAAFA1}
	EndGlobalSection
EndGlobal
